
Microsoft Visual Studio Solution File, Format Version 12.00
Project("{FAE04EC0-301F-11D3-BF4B-00C04F79EFBC}") = "WebProxy", "WebProxy\WebProxy.csproj", "{262343AA-C704-409A-8016-DCB255A5CF88}"
EndProject
Global
	GlobalSection(SolutionConfigurationPlatforms) = preSolution
		Debug|Any CPU = Debug|Any CPU
		Release|Any CPU = Release|Any CPU
	EndGlobalSection
	GlobalSection(ProjectConfigurationPlatforms) = postSolution
		{262343AA-C704-409A-8016-DCB255A5CF88}.Debug|Any CPU.ActiveCfg = Debug|Any CPU
		{262343AA-C704-409A-8016-DCB255A5CF88}.Debug|Any CPU.Build.0 = Debug|Any CPU
		{262343AA-C704-409A-8016-DCB255A5CF88}.Release|Any CPU.ActiveCfg = Release|Any CPU
		{262343AA-C704-409A-8016-DCB255A5CF88}.Release|Any CPU.Build.0 = Release|Any CPU
	EndGlobalSection
EndGlobal
